{
	"requires": true,
	"lockfileVersion": 1,
	"dependencies": {
		"@angular/animations": {
			"version": "4.1.3",
			"resolved": "https://registry.npmjs.org/@angular/animations/-/animations-4.1.3.tgz",
			"integrity": "sha1-bomh4Pv9bQ6Qvk8q4ZCqxn+DpBE="
		},
		"@angular/common": {
			"version": "4.1.3",
			"resolved": "https://registry.npmjs.org/@angular/common/-/common-4.1.3.tgz",
			"integrity": "sha1-58R5HjITHPdMI5QowqZ9qrLu8Bc="
		},
		"@angular/compiler": {
			"version": "4.1.3",
			"resolved": "https://registry.npmjs.org/@angular/compiler/-/compiler-4.1.3.tgz",
			"integrity": "sha1-0t0whTsM9KVHWLSjFGMsIx+clMM="
		},
		"@angular/core": {
			"version": "4.1.3",
			"resolved": "https://registry.npmjs.org/@angular/core/-/core-4.1.3.tgz",
			"integrity": "sha1-KFSY64arfQtvmC+Pn0h+9hABOzU="
		},
		"@angular/forms": {
			"version": "4.1.3",
			"resolved": "https://registry.npmjs.org/@angular/forms/-/forms-4.1.3.tgz",
			"integrity": "sha1-OAq0w6+ExdHXSMKn0EFRx9yOSYI="
		},
		"@angular/http": {
			"version": "4.1.3",
			"resolved": "https://registry.npmjs.org/@angular/http/-/http-4.1.3.tgz",
			"integrity": "sha1-650cMCoBcoFfmlczENm+C964Ra4="
		},
		"@angular/platform-browser": {
			"version": "4.1.3",
			"resolved": "https://registry.npmjs.org/@angular/platform-browser/-/platform-browser-4.1.3.tgz",
			"integrity": "sha1-T6HbURndF4sxXdrlsym+4akypb0="
		},
		"@angular/router": {
			"version": "4.1.3",
			"resolved": "https://registry.npmjs.org/@angular/router/-/router-4.1.3.tgz",
			"integrity": "sha1-3a/UaufMyLH3SQT/tF85TkRiUhY="
		},
		"ansi-regex": {
			"version": "2.1.1",
			"resolved": "https://registry.npmjs.org/ansi-regex/-/ansi-regex-2.1.1.tgz",
			"integrity": "sha1-w7M6te42DYbg5ijwRorn7yfWVN8=",
			"dev": true
		},
		"ansi-styles": {
			"version": "2.2.1",
			"resolved": "https://registry.npmjs.org/ansi-styles/-/ansi-styles-2.2.1.tgz",
			"integrity": "sha1-tDLdM1i2NM914eRmQ2gkBTPB3b4=",
			"dev": true
		},
		"babel-code-frame": {
			"version": "6.22.0",
			"resolved": "https://registry.npmjs.org/babel-code-frame/-/babel-code-frame-6.22.0.tgz",
			"integrity": "sha1-AnYgvuVnqIwyVhV05/0IAdMxGOQ=",
			"dev": true,
			"requires": {
				"chalk": "1.1.3",
				"esutils": "2.0.2",
				"js-tokens": "3.0.2"
			}
		},
		"babel-messages": {
			"version": "6.23.0",
			"resolved": "https://registry.npmjs.org/babel-messages/-/babel-messages-6.23.0.tgz",
			"integrity": "sha1-8830cDhYA1sqKVHG7F7fbGLyYw4=",
			"dev": true,
			"requires": {
				"babel-runtime": "6.23.0"
			}
		},
		"babel-runtime": {
			"version": "6.23.0",
			"resolved": "https://registry.npmjs.org/babel-runtime/-/babel-runtime-6.23.0.tgz",
			"integrity": "sha1-CpSJ8UTecO+zzkMArM2zKeL8VDs=",
			"dev": true,
			"requires": {
				"core-js": "2.4.1",
				"regenerator-runtime": "0.10.5"
			}
		},
		"babel-traverse": {
			"version": "6.25.0",
			"resolved": "https://registry.npmjs.org/babel-traverse/-/babel-traverse-6.25.0.tgz",
			"integrity": "sha1-IldJfi/NGbie3BPEyROB+VEklvE=",
			"dev": true,
			"requires": {
				"babel-code-frame": "6.22.0",
				"babel-messages": "6.23.0",
				"babel-runtime": "6.23.0",
				"babel-types": "6.25.0",
				"babylon": "6.17.4",
				"debug": "2.6.8",
				"globals": "9.18.0",
				"invariant": "2.2.2",
				"lodash": "4.17.4"
			}
		},
		"babel-types": {
			"version": "6.25.0",
			"resolved": "https://registry.npmjs.org/babel-types/-/babel-types-6.25.0.tgz",
			"integrity": "sha1-cK+ySNVmDl0Y+BHZHIMDtUE0oY4=",
			"dev": true,
			"requires": {
				"babel-runtime": "6.23.0",
				"esutils": "2.0.2",
				"lodash": "4.17.4",
				"to-fast-properties": "1.0.3"
			}
		},
		"babylon": {
			"version": "6.17.4",
			"resolved": "https://registry.npmjs.org/babylon/-/babylon-6.17.4.tgz",
			"integrity": "sha512-kChlV+0SXkjE0vUn9OZ7pBMWRFd8uq3mZe8x1K6jhuNcAFAtEnjchFAqB+dYEXKyd+JpT6eppRR78QAr5gTsUw==",
			"dev": true
		},
		"balanced-match": {
			"version": "1.0.0",
			"resolved": "https://registry.npmjs.org/balanced-match/-/balanced-match-1.0.0.tgz",
			"integrity": "sha1-ibTRmasr7kneFk6gK4nORi1xt2c=",
			"dev": true
		},
		"brace-expansion": {
			"version": "1.1.8",
			"resolved": "https://registry.npmjs.org/brace-expansion/-/brace-expansion-1.1.8.tgz",
			"integrity": "sha1-wHshHHyVLsH479Uad+8NHTmQopI=",
			"dev": true,
			"requires": {
				"balanced-match": "1.0.0",
				"concat-map": "0.0.1"
			}
		},
		"chalk": {
			"version": "1.1.3",
			"resolved": "https://registry.npmjs.org/chalk/-/chalk-1.1.3.tgz",
			"integrity": "sha1-qBFcVeSnAv5NFQq9OHKCKn4J/Jg=",
			"dev": true,
			"requires": {
				"ansi-styles": "2.2.1",
				"escape-string-regexp": "1.0.5",
				"has-ansi": "2.0.0",
				"strip-ansi": "3.0.1",
				"supports-color": "2.0.0"
			}
		},
		"concat-map": {
			"version": "0.0.1",
			"resolved": "https://registry.npmjs.org/concat-map/-/concat-map-0.0.1.tgz",
			"integrity": "sha1-2Klr13/Wjfd5OnMDajug1UBdR3s=",
			"dev": true
		},
		"core-js": {
			"version": "2.4.1",
			"resolved": "https://registry.npmjs.org/core-js/-/core-js-2.4.1.tgz",
			"integrity": "sha1-TekR5mew6ukSTjQlS1OupvxhjT4=",
			"dev": true
		},
		"debug": {
			"version": "2.6.8",
			"resolved": "https://registry.npmjs.org/debug/-/debug-2.6.8.tgz",
			"integrity": "sha512-E22fsyWPt/lr4/UgQLt/pXqerGMDsanhbnmqIS3VAXuDi1v3IpiwXe2oncEIondHSBuPDWRoK/pMjlvi8FuOXQ==",
			"dev": true,
			"requires": {
				"ms": "2.0.0"
			}
		},
		"escape-string-regexp": {
			"version": "1.0.5",
			"resolved": "https://registry.npmjs.org/escape-string-regexp/-/escape-string-regexp-1.0.5.tgz",
			"integrity": "sha1-G2HAViGQqN/2rjuyzwIAyhMLhtQ=",
			"dev": true
		},
		"esutils": {
			"version": "2.0.2",
			"resolved": "https://registry.npmjs.org/esutils/-/esutils-2.0.2.tgz",
			"integrity": "sha1-Cr9PHKpbyx96nYrMbepPqqBLrJs=",
			"dev": true
		},
		"glob": {
			"version": "6.0.4",
			"resolved": "https://registry.npmjs.org/glob/-/glob-6.0.4.tgz",
			"integrity": "sha1-DwiGD2oVUSey+t1PnOJLGqtuTSI=",
			"dev": true,
			"requires": {
				"inflight": "1.0.6",
				"inherits": "2.0.3",
				"minimatch": "3.0.4",
				"once": "1.4.0",
				"path-is-absolute": "1.0.1"
			}
		},
		"globals": {
			"version": "9.18.0",
			"resolved": "https://registry.npmjs.org/globals/-/globals-9.18.0.tgz",
			"integrity": "sha512-S0nG3CLEQiY/ILxqtztTWH/3iRRdyBLw6KMDxnKMchrtbj2OFmehVh0WUCfW3DUrIgx/qFrJPICrq4Z4sTR9UQ==",
			"dev": true
		},
		"has-ansi": {
			"version": "2.0.0",
			"resolved": "https://registry.npmjs.org/has-ansi/-/has-ansi-2.0.0.tgz",
			"integrity": "sha1-NPUEnOHs3ysGSa8+8k5F7TVBbZE=",
			"dev": true,
			"requires": {
				"ansi-regex": "2.1.1"
			}
		},
		"inflight": {
			"version": "1.0.6",
			"resolved": "https://registry.npmjs.org/inflight/-/inflight-1.0.6.tgz",
			"integrity": "sha1-Sb1jMdfQLQwJvJEKEHW6gWW1bfk=",
			"dev": true,
			"requires": {
				"once": "1.4.0",
				"wrappy": "1.0.2"
			}
		},
		"inherits": {
			"version": "2.0.3",
			"resolved": "https://registry.npmjs.org/inherits/-/inherits-2.0.3.tgz",
			"integrity": "sha1-Yzwsg+PaQqUC9SRmAiSA9CCCYd4=",
			"dev": true
		},
		"invariant": {
			"version": "2.2.2",
			"resolved": "https://registry.npmjs.org/invariant/-/invariant-2.2.2.tgz",
			"integrity": "sha1-nh9WrArNtr8wMwbzOL47IErmA2A=",
			"dev": true,
			"requires": {
				"loose-envify": "1.3.1"
			}
		},
		"js-tokens": {
			"version": "3.0.2",
			"resolved": "https://registry.npmjs.org/js-tokens/-/js-tokens-3.0.2.tgz",
			"integrity": "sha1-mGbfOVECEw449/mWvOtlRDIJwls=",
			"dev": true
		},
		"lazy": {
			"version": "1.0.11",
			"resolved": "https://registry.npmjs.org/lazy/-/lazy-1.0.11.tgz",
			"integrity": "sha1-2qBoIGKCVCwIgojpdcKXwa53tpA=",
			"dev": true
		},
		"lodash": {
			"version": "4.17.4",
			"resolved": "https://registry.npmjs.org/lodash/-/lodash-4.17.4.tgz",
			"integrity": "sha1-eCA6TRwyiuHYbcpkYONptX9AVa4=",
			"dev": true
		},
		"loose-envify": {
			"version": "1.3.1",
			"resolved": "https://registry.npmjs.org/loose-envify/-/loose-envify-1.3.1.tgz",
			"integrity": "sha1-0aitM/qc4OcT1l/dCsi3SNR4yEg=",
			"dev": true,
			"requires": {
				"js-tokens": "3.0.2"
			}
		},
		"minimatch": {
			"version": "3.0.4",
			"resolved": "https://registry.npmjs.org/minimatch/-/minimatch-3.0.4.tgz",
			"integrity": "sha512-yJHVQEhyqPLUTgt9B83PXu6W3rx4MvvHvSUvToogpwoGDOUQ+yDrR0HRot+yOCdCO7u4hX3pWft6kWBBcqh0UA==",
			"dev": true,
			"requires": {
				"brace-expansion": "1.1.8"
			}
		},
		"minimist": {
			"version": "0.0.8",
			"resolved": "https://registry.npmjs.org/minimist/-/minimist-0.0.8.tgz",
			"integrity": "sha1-hX/Kv8M5fSYluCKCYuhqp6ARsF0=",
			"dev": true
		},
		"mkdirp": {
			"version": "0.5.1",
			"resolved": "https://registry.npmjs.org/mkdirp/-/mkdirp-0.5.1.tgz",
			"integrity": "sha1-MAV0OOrGz3+MR2fzhkjWaX11yQM=",
			"dev": true,
			"requires": {
				"minimist": "0.0.8"
			}
		},
		"ms": {
			"version": "2.0.0",
			"resolved": "https://registry.npmjs.org/ms/-/ms-2.0.0.tgz",
			"integrity": "sha1-VgiurfwAvmwpAd9fmGF4jeDVl8g=",
			"dev": true
		},
		"nativescript-acs-bluetooth": {
			"version": "file:../src",
			"dependencies": {
				"@angular/core": {
					"version": "4.2.6",
					"resolved": "https://registry.npmjs.org/@angular/core/-/core-4.2.6.tgz",
					"integrity": "sha512-VHnyyMYFq1Qqisk9Nnvj7gpW+qvugaPv1rVks4IEaMuqOMFdBLJVxGa/VjLlokdaPWCn0GKYi5nMl2m4+cDyrQ==",
					"requires": {
						"tslib": "^1.7.1"
					}
				},
				"ansi-regex": {
					"version": "2.1.1",
					"resolved": "https://registry.npmjs.org/ansi-regex/-/ansi-regex-2.1.1.tgz",
					"integrity": "sha512-TIGnTpdo+E3+pCyAluZvtED5p5wCqLdezCyhPZzKPcxvFplEt4i+W7OONCKgeZFT3+y5NZZfOOS/Bdcanm1MYA=="
				},
				"ansi-styles": {
					"version": "2.2.1",
					"resolved": "https://registry.npmjs.org/ansi-styles/-/ansi-styles-2.2.1.tgz",
					"integrity": "sha512-kmCevFghRiWM7HB5zTPULl4r9bVFSWjz62MhqizDGUrq2NWuNMQyuv4tHHoKJHs69M/MF64lEcHdYIocrdWQYA=="
				},
				"async": {
					"version": "0.9.2",
					"resolved": "https://registry.npmjs.org/async/-/async-0.9.2.tgz",
					"integrity": "sha512-l6ToIJIotphWahxxHyzK9bnLR6kM4jJIIgLShZeqLY7iboHoGkdgFl7W2/Ivi4SkMJYGKqW8vSuk0uKUj6qsSw=="
				},
				"babel-code-frame": {
					"version": "6.22.0",
					"resolved": "https://registry.npmjs.org/babel-code-frame/-/babel-code-frame-6.22.0.tgz",
					"integrity": "sha512-Dmx3yJCO/UHWgFTKUlBPHUm7h5hCjI5Lfc07gmSv7H4AbUwxS7NHyorp8HN1YEd4xSDCf7P4zqnS63I3aaJTwg==",
					"requires": {
						"chalk": "^1.1.0",
						"esutils": "^2.0.2",
						"js-tokens": "^3.0.0"
					}
				},
				"balanced-match": {
					"version": "1.0.0",
					"resolved": "https://registry.npmjs.org/balanced-match/-/balanced-match-1.0.0.tgz",
					"integrity": "sha512-9Y0g0Q8rmSt+H33DfKv7FOc3v+iRI+o1lbzt8jGcIosYW37IIW/2XVYq5NPdmaD5NQ59Nk26Kl/vZbwW9Fr8vg=="
				},
				"brace-expansion": {
					"version": "1.1.8",
					"resolved": "https://registry.npmjs.org/brace-expansion/-/brace-expansion-1.1.8.tgz",
					"integrity": "sha512-Dnfc9ROAPrkkeLIUweEbh7LFT9Mc53tO/bbM044rKjhgAEyIGKvKXg97PM/kRizZIfUHaROZIoeEaWao+Unzfw==",
					"requires": {
						"balanced-match": "^1.0.0",
						"concat-map": "0.0.1"
					}
				},
				"chalk": {
					"version": "1.1.3",
					"resolved": "https://registry.npmjs.org/chalk/-/chalk-1.1.3.tgz",
					"integrity": "sha512-U3lRVLMSlsCfjqYPbLyVv11M9CPW4I728d6TCKMAOJueEeB9/8o+eSsMnxPJD+Q+K909sdESg7C+tIkoH6on1A==",
					"requires": {
						"ansi-styles": "^2.2.1",
						"escape-string-regexp": "^1.0.2",
						"has-ansi": "^2.0.0",
						"strip-ansi": "^3.0.0",
						"supports-color": "^2.0.0"
					}
				},
				"colors": {
					"version": "1.1.2",
					"resolved": "https://registry.npmjs.org/colors/-/colors-1.1.2.tgz",
					"integrity": "sha512-ENwblkFQpqqia6b++zLD/KUWafYlVY/UNnAp7oz7LY7E924wmpye416wBOmvv/HMWzl8gL1kJlfvId/1Dg176w=="
				},
				"commander": {
					"version": "2.11.0",
					"resolved": "https://registry.npmjs.org/commander/-/commander-2.11.0.tgz",
					"integrity": "sha512-b0553uYA5YAEGgyYIGYROzKQ7X5RAqedkfjiZxwi0kL1g3bOaBNNZfYkzt/CL0umgD5wc9Jec2FbB98CjkMRvQ=="
				},
				"concat-map": {
					"version": "0.0.1",
					"resolved": "https://registry.npmjs.org/concat-map/-/concat-map-0.0.1.tgz",
					"integrity": "sha512-/Srv4dswyQNBfohGpz9o6Yb3Gz3SrUDqBH5rTuhGR7ahtlbYKnVxw2bCFMRljaA7EXHaXZ8wsHdodFvbkhKmqg=="
				},
				"cycle": {
					"version": "1.0.3",
					"resolved": "https://registry.npmjs.org/cycle/-/cycle-1.0.3.tgz",
					"integrity": "sha512-TVF6svNzeQCOpjCqsy0/CSy8VgObG3wXusJ73xW2GbG5rGx7lC8zxDSURicsXI2UsGdi2L0QNRCi745/wUDvsA=="
				},
				"deep-equal": {
					"version": "0.2.2",
					"resolved": "https://registry.npmjs.org/deep-equal/-/deep-equal-0.2.2.tgz",
					"integrity": "sha512-FXgye2Jr6oEk01S7gmSrHrPEQ1ontR7wwl+nYiZ8h4SXlHVm0DYda74BIPcHz2s2qPz4+375IcAz1vsWLwddgQ=="
				},
				"diff": {
					"version": "3.3.0",
					"resolved": "https://registry.npmjs.org/diff/-/diff-3.3.0.tgz",
					"integrity": "sha512-w0XZubFWn0Adlsapj9EAWX0FqWdO4tz8kc3RiYdWLh4k/V8PTb6i0SMgXt0vRM3zyKnT8tKO7mUlieRQHIjMNg=="
				},
				"escape-string-regexp": {
					"version": "1.0.5",
					"resolved": "https://registry.npmjs.org/escape-string-regexp/-/escape-string-regexp-1.0.5.tgz",
					"integrity": "sha512-vbRorB5FUQWvla16U8R/qgaFIya2qGzwDrNmCZuYKrbdSUMG6I1ZCGQRefkRVhuOkIGVne7BQ35DSfo1qvJqFg=="
				},
				"esutils": {
					"version": "2.0.2",
					"resolved": "https://registry.npmjs.org/esutils/-/esutils-2.0.2.tgz",
					"integrity": "sha512-UUPPULqkyAV+M3Shodis7l8D+IyX6V8SbaBnTb449jf3fMTd8+UOZI1Q70NbZVOQkcR91yYgdHsJiMMMVmYshg=="
				},
				"eyes": {
					"version": "0.1.8",
					"resolved": "https://registry.npmjs.org/eyes/-/eyes-0.1.8.tgz",
					"integrity": "sha512-GipyPsXO1anza0AOZdy69Im7hGFCNB7Y/NGjDlZGJ3GJJLtwNSb2vrzYrTYJRrRloVx7pl+bhUaTB8yiccPvFQ=="
				},
				"fs.realpath": {
					"version": "1.0.0",
					"resolved": "https://registry.npmjs.org/fs.realpath/-/fs.realpath-1.0.0.tgz",
					"integrity": "sha512-OO0pH2lK6a0hZnAdau5ItzHPI6pUlvI7jMVnxUQRtw4owF2wk8lOSabtGDCTP4Ggrg2MbGnWO9X8K1t4+fGMDw=="
				},
				"glob": {
					"version": "7.1.2",
					"resolved": "https://registry.npmjs.org/glob/-/glob-7.1.2.tgz",
					"integrity": "sha512-MJTUg1kjuLeQCJ+ccE4Vpa6kKVXkPYJ2mOCQyUuKLcLQsdrMCpBPUi8qVE6+YuaJkozeA9NusTAw3hLr8Xe5EQ==",
					"requires": {
						"fs.realpath": "^1.0.0",
						"inflight": "^1.0.4",
						"inherits": "2",
						"minimatch": "^3.0.4",
						"once": "^1.3.0",
						"path-is-absolute": "^1.0.0"
					}
				},
				"has-ansi": {
					"version": "2.0.0",
					"resolved": "https://registry.npmjs.org/has-ansi/-/has-ansi-2.0.0.tgz",
					"integrity": "sha512-C8vBJ8DwUCx19vhm7urhTuUsr4/IyP6l4VzNQDv+ryHQObW3TTTp9yB68WpYgRe2bbaGuZ/se74IqFeVnMnLZg==",
					"requires": {
						"ansi-regex": "^2.0.0"
					}
				},
				"i": {
					"version": "0.3.5",
					"resolved": "https://registry.npmjs.org/i/-/i-0.3.5.tgz",
					"integrity": "sha512-XFmJQOpUegDZ9oXorK3AjimFzK//YLoDtGzwJ4xmop/4bRDtEWcbAwlEwDiJrwv5kPhbUVWXObnmmvkCFtjw3Q=="
				},
				"inflight": {
					"version": "1.0.6",
					"resolved": "https://registry.npmjs.org/inflight/-/inflight-1.0.6.tgz",
					"integrity": "sha512-k92I/b08q4wvFscXCLvqfsHCrjrF7yiXsQuIVvVE7N82W3+aqpzuUdBbfhWcy/FZR3/4IgflMgKLOsvPDrGCJA==",
					"requires": {
						"once": "^1.3.0",
						"wrappy": "1"
					}
				},
				"inherits": {
					"version": "2.0.3",
					"resolved": "https://registry.npmjs.org/inherits/-/inherits-2.0.3.tgz",
					"integrity": "sha512-x00IRNXNy63jwGkJmzPigoySHbaqpNuzKbBOmzK+g2OdZpQ9w+sxCN+VSB3ja7IAge2OP2qpfxTjeNcyjmW1uw=="
				},
				"isstream": {
					"version": "0.1.2",
					"resolved": "https://registry.npmjs.org/isstream/-/isstream-0.1.2.tgz",
					"integrity": "sha512-Yljz7ffyPbrLpLngrMtZ7NduUgVvi6wG9RJ9IUcyCd59YQ911PBJphODUcbOVbqYfxe1wuYf/LJ8PauMRwsM/g=="
				},
				"js-tokens": {
					"version": "3.0.2",
					"resolved": "https://registry.npmjs.org/js-tokens/-/js-tokens-3.0.2.tgz",
					"integrity": "sha512-RjTcuD4xjtthQkaWH7dFlH85L+QaVtSoOyGdZ3g6HFhS9dFNDfLyqgm2NFe2X6cQpeFmt0452FJjFG5UameExg=="
				},
				"minimatch": {
					"version": "3.0.4",
					"resolved": "https://registry.npmjs.org/minimatch/-/minimatch-3.0.4.tgz",
					"integrity": "sha512-yJHVQEhyqPLUTgt9B83PXu6W3rx4MvvHvSUvToogpwoGDOUQ+yDrR0HRot+yOCdCO7u4hX3pWft6kWBBcqh0UA==",
					"requires": {
						"brace-expansion": "^1.1.7"
					}
				},
				"minimist": {
					"version": "0.0.8",
					"resolved": "https://registry.npmjs.org/minimist/-/minimist-0.0.8.tgz",
					"integrity": "sha512-miQKw5Hv4NS1Psg2517mV4e4dYNaO3++hjAvLOAzKqZ61rH8NS1SK+vbfBWZ5PY/Me/bEWhUwqMghEW5Fb9T7Q=="
				},
				"mkdirp": {
					"version": "0.5.1",
					"resolved": "https://registry.npmjs.org/mkdirp/-/mkdirp-0.5.1.tgz",
					"integrity": "sha512-SknJC52obPfGQPnjIkXbmA6+5H15E+fR+E4iR2oQ3zzCLbd7/ONua69R/Gw7AgkTLsRG+r5fzksYwWe1AgTyWA==",
					"requires": {
						"minimist": "0.0.8"
					}
				},
				"mute-stream": {
					"version": "0.0.7",
					"resolved": "https://registry.npmjs.org/mute-stream/-/mute-stream-0.0.7.tgz",
					"integrity": "sha512-r65nCZhrbXXb6dXOACihYApHw2Q6pV0M3V0PSxd74N0+D8nzAdEAITq2oAjA1jVnKI+tGvEBUpqiMh0+rW6zDQ=="
				},
				"ncp": {
					"version": "1.0.1",
					"resolved": "https://registry.npmjs.org/ncp/-/ncp-1.0.1.tgz",
					"integrity": "sha512-akBX7I5X9KQDDWmYYgQlLbVbjkveTje2mioZjhLLrVt09akSZcoqXWE5LEn1E2fu8T7th1PZYGfewQsTkTLTmQ=="
				},
				"once": {
					"version": "1.4.0",
					"resolved": "https://registry.npmjs.org/once/-/once-1.4.0.tgz",
					"integrity": "sha512-lNaJgI+2Q5URQBkccEKHTQOPaXdUxnZZElQTZY0MFUAuaEqe1E+Nyvgdz/aIyNi6Z9MzO5dv1H8n58/GELp3+w==",
					"requires": {
						"wrappy": "1"
					}
				},
				"path-is-absolute": {
					"version": "1.0.1",
					"resolved": "https://registry.npmjs.org/path-is-absolute/-/path-is-absolute-1.0.1.tgz",
					"integrity": "sha512-AVbw3UJ2e9bq64vSaS9Am0fje1Pa8pbGqTTsmXfaIiMpnr5DlDhfJOuLj9Sf95ZPVDAUerDfEk88MPmPe7UCQg=="
				},
				"path-parse": {
					"version": "1.0.5",
					"resolved": "https://registry.npmjs.org/path-parse/-/path-parse-1.0.5.tgz",
					"integrity": "sha512-u4e4H/UUeMbJ1UnBnePf6r4cm4fFZs57BMocUSFeea807JTYk2HJnE9GjUpWHaDZk1OQGoArnWW1yEo9nd57ww=="
				},
				"pkginfo": {
					"version": "0.4.0",
					"resolved": "https://registry.npmjs.org/pkginfo/-/pkginfo-0.4.0.tgz",
					"integrity": "sha512-PvRaVdb+mc4R87WFh2Xc7t41brwIgRFSNoDmRyG0cAov6IfnFARp0GHxU8wP5Uh4IWduQSJsRPSwaKDjgMremg=="
				},
				"prompt": {
					"version": "1.0.0",
					"resolved": "https://registry.npmjs.org/prompt/-/prompt-1.0.0.tgz",
					"integrity": "sha512-SIliATETjBHvX5c2h8xhjFP0GmGie58sdq7utvoMIv1qkcow3O/NLy21ME35D3uCMYYf/ZASPzG6kFTKXZ8Yxg==",
					"requires": {
						"colors": "^1.1.2",
						"pkginfo": "0.x.x",
						"read": "1.0.x",
						"revalidator": "0.1.x",
						"utile": "0.3.x",
						"winston": "2.1.x"
					}
				},
				"read": {
					"version": "1.0.7",
					"resolved": "https://registry.npmjs.org/read/-/read-1.0.7.tgz",
					"integrity": "sha512-rSOKNYUmaxy0om1BNjMN4ezNT6VKK+2xF4GBhc81mkH7L60i6dp8qPYrkndNLT3QPphoII3maL9PVC9XmhHwVQ==",
					"requires": {
						"mute-stream": "~0.0.4"
					}
				},
				"reflect-metadata": {
					"version": "0.1.10",
					"resolved": "https://registry.npmjs.org/reflect-metadata/-/reflect-metadata-0.1.10.tgz",
					"integrity": "sha512-oYJQNaTL+aECnOmLtlsD+eyeNXfXm8VSg1MOENAUnYsRKNCkk4uq5zohyZsUwG2CDHa4dZ/qExt5Xzw+9pGpww=="
				},
				"resolve": {
					"version": "1.3.3",
					"resolved": "https://registry.npmjs.org/resolve/-/resolve-1.3.3.tgz",
					"integrity": "sha512-1p/C+O7k1Gt16zZRRp8wWxNr8N/7hBP25g3OcUxgYB18hUx0k1vHaIvI9wtVfCNYogxKAYLdpLF8MMB5eh4IGA==",
					"requires": {
						"path-parse": "^1.0.5"
					}
				},
				"revalidator": {
					"version": "0.1.8",
					"resolved": "https://registry.npmjs.org/revalidator/-/revalidator-0.1.8.tgz",
					"integrity": "sha512-xcBILK2pA9oh4SiinPEZfhP8HfrB/ha+a2fTMyl7Om2WjlDVrOQy99N2MXXlUHqGJz4qEu2duXxHJjDWuK/0xg=="
				},
				"rimraf": {
					"version": "2.6.1",
					"resolved": "https://registry.npmjs.org/rimraf/-/rimraf-2.6.1.tgz",
					"integrity": "sha512-5QIcndZ8am2WyseL6lln/utl51SwRBQs/at+zi1UnhsnPyZcAID+g0PZrKdb+kJn2fo/CwgyJweR8sP36Jer5g==",
					"requires": {
						"glob": "^7.0.5"
					}
				},
				"rxjs": {
					"version": "5.4.2",
					"resolved": "https://registry.npmjs.org/rxjs/-/rxjs-5.4.2.tgz",
					"integrity": "sha512-QAUN9W1liimO8rBaTa+fMXxIh2G0zVQNBdN1lS4fZLlZVGkWtcb/3Tr5tkQ7224LpdLQ8650+fUU7n/M/3FePQ==",
					"requires": {
						"symbol-observable": "^1.0.1"
					}
				},
				"semver": {
					"version": "5.3.0",
					"resolved": "https://registry.npmjs.org/semver/-/semver-5.3.0.tgz",
					"integrity": "sha512-mfmm3/H9+67MCVix1h+IXTpDwL6710LyHuk7+cWC9T1mE0qz4iHhh6r4hU2wrIT9iTsAAC2XQRvfblL028cpLw=="
				},
				"stack-trace": {
					"version": "0.0.10",
					"resolved": "https://registry.npmjs.org/stack-trace/-/stack-trace-0.0.10.tgz",
					"integrity": "sha512-KGzahc7puUKkzyMt+IqAep+TVNbKP+k2Lmwhub39m1AsTSkaDutx56aDCo+HLDzf/D26BIHTJWNiTG1KAJiQCg=="
				},
				"strip-ansi": {
					"version": "3.0.1",
					"resolved": "https://registry.npmjs.org/strip-ansi/-/strip-ansi-3.0.1.tgz",
					"integrity": "sha512-VhumSSbBqDTP8p2ZLKj40UjBCV4+v8bUSEpUb4KjRgWk9pbqGF4REFj6KEagidb2f/M6AzC0EmFyDNGaw9OCzg==",
					"requires": {
						"ansi-regex": "^2.0.0"
					}
				},
				"supports-color": {
					"version": "2.0.0",
					"resolved": "https://registry.npmjs.org/supports-color/-/supports-color-2.0.0.tgz",
					"integrity": "sha512-KKNVtd6pCYgPIKU4cp2733HWYCpplQhddZLBUryaAHou723x+FRzQ5Df824Fj+IyyuiQTRoub4SnIFfIcrp70g=="
				},
				"symbol-observable": {
					"version": "1.0.4",
					"resolved": "https://registry.npmjs.org/symbol-observable/-/symbol-observable-1.0.4.tgz",
					"integrity": "sha512-+zhuFJT/l/6NEDL3gkjQ1flyil069glapYzByUjrUdPcn9Z3uFDHbz9TBrPhMz5xFEPyrI3NmDRlJ/lKxnIkIA=="
				},
				"tns-core-modules": {
					"version": "2.5.3",
					"resolved": "https://registry.npmjs.org/tns-core-modules/-/tns-core-modules-2.5.3.tgz",
					"integrity": "sha512-GE7sP+dS9gl5ihAxnLgcxsYtPGCWz/ZtC0kpLZZk5cPEgU5lfznzlKO+nmX/k53gL3Rzo4LQfhVcO8UU1y1ZCQ==",
					"requires": {
						"tns-core-modules-widgets": "2.5.0"
					}
				},
				"tns-core-modules-widgets": {
					"version": "2.5.0",
					"resolved": "https://registry.npmjs.org/tns-core-modules-widgets/-/tns-core-modules-widgets-2.5.0.tgz",
					"integrity": "sha512-3Z4cKVVGdcdEqf90P3JS+kYhKSVj01lu/VRgV4/9zwcZePBE61w0O/ev4D6o4ZJA/BevpoSMOH2cqLAmLgIPDQ=="
				},
				"tns-platform-declarations": {
					"version": "3.1.0",
					"resolved": "https://registry.npmjs.org/tns-platform-declarations/-/tns-platform-declarations-3.1.0.tgz",
					"integrity": "sha512-qfVe3jL6peINRYlywpfD4MoBUsKF+5lDK6oBoXBxD6/WEulTH2pKeIOH3wrlFyUevVBHcEeNGqtGTRuZ/jA2sw=="
				},
				"tslib": {
					"version": "1.7.1",
					"resolved": "https://registry.npmjs.org/tslib/-/tslib-1.7.1.tgz",
					"integrity": "sha512-V1/w7gNW+Ke6nqyi5es1uv9Ncz4OJf4cDO7kaOCGDz5iPXMXNKkmKWn6aMmCFgU0d0O2+/nMA1PDMrMGJkPtdg=="
				},
				"tslint": {
					"version": "5.5.0",
					"resolved": "https://registry.npmjs.org/tslint/-/tslint-5.5.0.tgz",
					"integrity": "sha512-13l92x46LN1/ML4PrXidsemoOfCSv0RFwHyQwtDrULo909SYxuBo96KWkxphRjs1GASzBZ5jfDSTsUci1sPjeQ==",
					"requires": {
						"babel-code-frame": "^6.22.0",
						"colors": "^1.1.2",
						"commander": "^2.9.0",
						"diff": "^3.2.0",
						"glob": "^7.1.1",
						"minimatch": "^3.0.4",
						"resolve": "^1.3.2",
						"semver": "^5.3.0",
						"tslib": "^1.7.1",
						"tsutils": "^2.5.1"
					},
					"dependencies": {
						"tsutils": {
							"version": "2.6.1",
							"resolved": "https://registry.npmjs.org/tsutils/-/tsutils-2.6.1.tgz",
							"integrity": "sha512-qRgrf6Ayzpxu0ZUaV/fCrzUAyvo9D2tZ9Y/QTPbwr692fE04E4VK0B3fBZyE9f+BBYAKwE224xjaD3uXqrSY6g==",
							"requires": {
								"tslib": "^1.7.1"
							}
						}
					}
				},
				"typescript": {
					"version": "2.4.1",
					"resolved": "https://registry.npmjs.org/typescript/-/typescript-2.4.1.tgz",
					"integrity": "sha512-3O/A1TbKiXlfWsBv+X9QpzylORsBSXZuIG8GMzYvPTFCrkc65iXKd4gAkVN/jmLgSkmdTDMRY5XyNu+DxZD7mQ=="
				},
				"utile": {
					"version": "0.3.0",
					"resolved": "https://registry.npmjs.org/utile/-/utile-0.3.0.tgz",
					"integrity": "sha512-KaciY16ate/pJ7BAwBpVcfQlgJT02WRivIv8DlCX1cvg6WxaNEXHcdqazuS9fQ7PUoU5CH2UeY3wkqq16wRiWg==",
					"requires": {
						"async": "~0.9.0",
						"deep-equal": "~0.2.1",
						"i": "0.3.x",
						"mkdirp": "0.x.x",
						"ncp": "1.0.x",
						"rimraf": "2.x.x"
					}
				},
				"winston": {
					"version": "2.1.1",
					"resolved": "https://registry.npmjs.org/winston/-/winston-2.1.1.tgz",
					"integrity": "sha512-CPXrr+LD3DBeCEAnhPYS7DYbdq8kwhnkrVY7Px0vEROil9iZWaz0VHZHg41pNcUJc+1/PDm2obR1Lb2QGto1ZQ==",
					"requires": {
						"async": "~1.0.0",
						"colors": "1.0.x",
						"cycle": "1.0.x",
						"eyes": "0.1.x",
						"isstream": "0.1.x",
						"pkginfo": "0.3.x",
						"stack-trace": "0.0.x"
					},
					"dependencies": {
						"async": {
							"version": "1.0.0",
							"resolved": "https://registry.npmjs.org/async/-/async-1.0.0.tgz",
							"integrity": "sha512-5mO7DX4CbJzp9zjaFXusQQ4tzKJARjNB1Ih1pVBi8wkbmXy/xzIDgEMXxWePLzt2OdFwaxfneIlT1nCiXubrPQ=="
						},
						"colors": {
							"version": "1.0.3",
							"resolved": "https://registry.npmjs.org/colors/-/colors-1.0.3.tgz",
							"integrity": "sha512-pFGrxThWcWQ2MsAz6RtgeWe4NK2kUE1WfsrvvlctdII745EW9I0yflqhe7++M5LEc7bV2c/9/5zc8sFcpL0Drw=="
						},
						"pkginfo": {
							"version": "0.3.1",
							"resolved": "https://registry.npmjs.org/pkginfo/-/pkginfo-0.3.1.tgz",
							"integrity": "sha512-yO5feByMzAp96LtP58wvPKSbaKAi/1C4kV9XpTctr6EepnP6F33RBNOiVrdz9BrPA98U2BMFsTNHo44TWcbQ2A=="
						}
					}
				},
				"wrappy": {
					"version": "1.0.2",
					"resolved": "https://registry.npmjs.org/wrappy/-/wrappy-1.0.2.tgz",
					"integrity": "sha512-l4Sp/DRseor9wL6EvV2+TuQn63dMkPjZ/sp9XkghTEbV9KlPS1xUsZ3u7/IQO4wxtcFB4bgpQPRcR3QCvezPcQ=="
				},
				"zone.js": {
					"version": "0.8.13",
					"resolved": "https://registry.npmjs.org/zone.js/-/zone.js-0.8.13.tgz",
					"integrity": "sha512-MfgrCfybwC9fotU/FozNXB3Cx/FbR0mlXGFKROrKmKrbRSldt4R8JoDVFGJGrWdq9CoXJ9p/Jxu/7oXlsvuaBw=="
				}
			}
		},
		"nativescript-angular": {
			"version": "3.0.0",
			"resolved": "https://registry.npmjs.org/nativescript-angular/-/nativescript-angular-3.0.0.tgz",
			"integrity": "sha1-QBxerolcIqRAEMFvRDkQ0qpa9u4=",
			"requires": {
				"nativescript-intl": "3.0.0",
				"reflect-metadata": "0.1.10"
			}
		},
		"nativescript-dev-typescript": {
			"version": "0.4.6",
			"resolved": "https://registry.npmjs.org/nativescript-dev-typescript/-/nativescript-dev-typescript-0.4.6.tgz",
			"integrity": "sha1-o3nlfyIG/rpLUy0hUHdXGCDTj6A=",
			"dev": true,
			"requires": {
				"nativescript-hook": "0.2.1"
			}
		},
		"nativescript-hook": {
			"version": "0.2.1",
			"resolved": "https://registry.npmjs.org/nativescript-hook/-/nativescript-hook-0.2.1.tgz",
			"integrity": "sha1-eGIlBW2yD6SeeGRR3M1ktS44ZNk=",
			"dev": true,
			"requires": {
				"glob": "6.0.4",
				"mkdirp": "0.5.1"
			}
		},
		"nativescript-intl": {
			"version": "3.0.0",
			"resolved": "https://registry.npmjs.org/nativescript-intl/-/nativescript-intl-3.0.0.tgz",
			"integrity": "sha1-gu6b59N3Fys8QpVzRyMDdijhhqc="
		},
		"nativescript-theme-core": {
			"version": "1.0.4",
			"resolved": "https://registry.npmjs.org/nativescript-theme-core/-/nativescript-theme-core-1.0.4.tgz",
			"integrity": "sha1-zyiAx/vy/l9D4iNdMJdQeQgD7+E="
		},
		"once": {
			"version": "1.4.0",
			"resolved": "https://registry.npmjs.org/once/-/once-1.4.0.tgz",
			"integrity": "sha1-WDsap3WWHUsROsF9nFC6753Xa9E=",
			"dev": true,
			"requires": {
				"wrappy": "1.0.2"
			}
		},
		"path-is-absolute": {
			"version": "1.0.1",
			"resolved": "https://registry.npmjs.org/path-is-absolute/-/path-is-absolute-1.0.1.tgz",
			"integrity": "sha1-F0uSaHNVNP+8es5r9TpanhtcX18=",
			"dev": true
		},
		"reflect-metadata": {
			"version": "0.1.10",
			"resolved": "https://registry.npmjs.org/reflect-metadata/-/reflect-metadata-0.1.10.tgz",
			"integrity": "sha1-tPg3BEFqytiZiMmxVjXUfgO5NEo="
		},
		"regenerator-runtime": {
			"version": "0.10.5",
			"resolved": "https://registry.npmjs.org/regenerator-runtime/-/regenerator-runtime-0.10.5.tgz",
			"integrity": "sha1-M2w+/BIgrc7dosn6tntaeVWjNlg=",
			"dev": true
		},
		"rxjs": {
			"version": "5.3.3",
			"resolved": "https://registry.npmjs.org/rxjs/-/rxjs-5.3.3.tgz",
			"integrity": "sha1-3S+VEF9xPZXyW4lMvl9opfMskmw=",
			"requires": {
				"symbol-observable": "1.0.4"
			}
		},
		"strip-ansi": {
			"version": "3.0.1",
			"resolved": "https://registry.npmjs.org/strip-ansi/-/strip-ansi-3.0.1.tgz",
			"integrity": "sha1-ajhfuIU9lS1f8F0Oiq+UJ43GPc8=",
			"dev": true,
			"requires": {
				"ansi-regex": "2.1.1"
			}
		},
		"supports-color": {
			"version": "2.0.0",
			"resolved": "https://registry.npmjs.org/supports-color/-/supports-color-2.0.0.tgz",
			"integrity": "sha1-U10EXOa2Nj+kARcIRimZXp3zJMc=",
			"dev": true
		},
		"symbol-observable": {
			"version": "1.0.4",
			"resolved": "https://registry.npmjs.org/symbol-observable/-/symbol-observable-1.0.4.tgz",
			"integrity": "sha1-Kb9hXUqnEhvdiYsi1LP5vE4qoD0="
		},
		"tns-core-modules": {
			"version": "3.0.1",
			"resolved": "https://registry.npmjs.org/tns-core-modules/-/tns-core-modules-3.0.1.tgz",
			"integrity": "sha1-CM17csmOb1Y/u6U2ZopQwE3Rpf0=",
			"requires": {
				"tns-core-modules-widgets": "3.0.1"
			}
		},
		"tns-core-modules-widgets": {
			"version": "3.0.1",
			"resolved": "https://registry.npmjs.org/tns-core-modules-widgets/-/tns-core-modules-widgets-3.0.1.tgz",
			"integrity": "sha1-g1hSzVkxQYCNLTMlWAa5N4GHzyA="
		},
		"to-fast-properties": {
			"version": "1.0.3",
			"resolved": "https://registry.npmjs.org/to-fast-properties/-/to-fast-properties-1.0.3.tgz",
			"integrity": "sha1-uDVx+k2MJbguIxsG46MFXeTKGkc=",
			"dev": true
		},
		"typescript": {
			"version": "2.2.2",
			"resolved": "https://registry.npmjs.org/typescript/-/typescript-2.2.2.tgz",
			"integrity": "sha1-YGAiUIR5tV/6NotY/uljoD39eww=",
			"dev": true
		},
		"wrappy": {
			"version": "1.0.2",
			"resolved": "https://registry.npmjs.org/wrappy/-/wrappy-1.0.2.tgz",
			"integrity": "sha1-tSQ9jz7BqjXxNkYFvA0QNuMKtp8=",
			"dev": true
		},
		"zone.js": {
			"version": "0.8.13",
			"resolved": "https://registry.npmjs.org/zone.js/-/zone.js-0.8.13.tgz",
			"integrity": "sha1-8IIlJfrZQVgqA7v+ceshdAMV3dA="
		}
	}
}
